
Microsoft Visual Studio Solution File, Format Version 12.00
# Visual Studio Version 17
VisualStudioVersion = 17.14.36705.20 d17.14
MinimumVisualStudioVersion = 10.0.40219.1
Project("{9A19103F-16F7-4668-BE54-9A1E7A4F7556}") = "XmlRpcCore", "XmlRpcCore\XmlRpcCore.csproj", "{1B2C445E-324D-4AC9-BCC5-008529606102}"
EndProject
Project("{FAE04EC0-301F-11D3-BF4B-00C04F79EFBC}") = "XmlRpcCore.Tests", "XmlRpcCore.Tests\XmlRpcCore.Tests.csproj", "{B22DD35E-A7BE-F534-3CE5-11AF090D64A4}"
EndProject
Global
	GlobalSection(SolutionConfigurationPlatforms) = preSolution
		Debug|Any CPU = Debug|Any CPU
		Release|Any CPU = Release|Any CPU
	EndGlobalSection
	GlobalSection(ProjectConfigurationPlatforms) = postSolution
		{1B2C445E-324D-4AC9-BCC5-008529606102}.Debug|Any CPU.ActiveCfg = Debug|Any CPU
		{1B2C445E-324D-4AC9-BCC5-008529606102}.Debug|Any CPU.Build.0 = Debug|Any CPU
		{1B2C445E-324D-4AC9-BCC5-008529606102}.Release|Any CPU.ActiveCfg = Release|Any CPU
		{1B2C445E-324D-4AC9-BCC5-008529606102}.Release|Any CPU.Build.0 = Release|Any CPU
		{B22DD35E-A7BE-F534-3CE5-11AF090D64A4}.Debug|Any CPU.ActiveCfg = Debug|Any CPU
		{B22DD35E-A7BE-F534-3CE5-11AF090D64A4}.Debug|Any CPU.Build.0 = Debug|Any CPU
		{B22DD35E-A7BE-F534-3CE5-11AF090D64A4}.Release|Any CPU.ActiveCfg = Release|Any CPU
		{B22DD35E-A7BE-F534-3CE5-11AF090D64A4}.Release|Any CPU.Build.0 = Release|Any CPU
	EndGlobalSection
	GlobalSection(SolutionProperties) = preSolution
		HideSolutionNode = FALSE
	EndGlobalSection
	GlobalSection(ExtensibilityGlobals) = postSolution
		SolutionGuid = {8F5C3265-89DA-4F39-83FA-C9B6CC46ED30}
	EndGlobalSection
EndGlobal
